
Microsoft Visual Studio Solution File, Format Version 12.00
# Visual Studio 15
VisualStudioVersion = 15.0.26730.16
MinimumVisualStudioVersion = 10.0.40219.1
Project("{9A19103F-16F7-4668-BE54-9A1E7A4F7556}") = "TramsA6", "TramsA6\TramsA6.csproj", "{45373A96-D7A8-44B4-9EB3-FE4DF8B2C607}"
EndProject
Project("{9A19103F-16F7-4668-BE54-9A1E7A4F7556}") = "Domain", "Data\Domain.csproj", "{64180C2F-881A-48A5-BA7F-715881C1CB23}"
EndProject
Project("{9A19103F-16F7-4668-BE54-9A1E7A4F7556}") = "BusinessLayer", "BusinessLayer\BusinessLayer.csproj", "{BB0D2114-7A14-473F-8FDB-DEE1F5813F99}"
EndProject
Project("{2150E333-8FDC-42A3-9474-1A3956D46DE8}") = "Business", "Business", "{868BB397-5B7A-4D32-AD3B-164F8A06F6EE}"
EndProject
Project("{2150E333-8FDC-42A3-9474-1A3956D46DE8}") = "Data", "Data", "{4BF0706E-C215-44F9-A51F-F4053B243D5A}"
EndProject
Project("{2150E333-8FDC-42A3-9474-1A3956D46DE8}") = "Presentation", "Presentation", "{6342F82A-68B3-429B-977E-84399B9EB824}"
EndProject
Project("{9A19103F-16F7-4668-BE54-9A1E7A4F7556}") = "Persistence", "Persistence\Persistence.csproj", "{78788134-11DF-4EDE-88B7-073483CBBDA1}"
EndProject
Project("{2150E333-8FDC-42A3-9474-1A3956D46DE8}") = "Tests", "Tests", "{A0510990-8523-4093-AD3C-9870E85FE11E}"
EndProject
Project("{9A19103F-16F7-4668-BE54-9A1E7A4F7556}") = "UnitTests", "UnitTests\UnitTests.csproj", "{09264024-35E1-4B1A-85B5-E261D75E102C}"
EndProject
Project("{9A19103F-16F7-4668-BE54-9A1E7A4F7556}") = "IntegrationTests", "IntegrationTests\IntegrationTests.csproj", "{69431DE2-C056-4265-9849-983D9FA6CB41}"
EndProject
Global
	GlobalSection(SolutionConfigurationPlatforms) = preSolution
		Debug|Any CPU = Debug|Any CPU
		Release|Any CPU = Release|Any CPU
	EndGlobalSection
	GlobalSection(ProjectConfigurationPlatforms) = postSolution
		{45373A96-D7A8-44B4-9EB3-FE4DF8B2C607}.Debug|Any CPU.ActiveCfg = Debug|Any CPU
		{45373A96-D7A8-44B4-9EB3-FE4DF8B2C607}.Debug|Any CPU.Build.0 = Debug|Any CPU
		{45373A96-D7A8-44B4-9EB3-FE4DF8B2C607}.Release|Any CPU.ActiveCfg = Release|Any CPU
		{45373A96-D7A8-44B4-9EB3-FE4DF8B2C607}.Release|Any CPU.Build.0 = Release|Any CPU
		{64180C2F-881A-48A5-BA7F-715881C1CB23}.Debug|Any CPU.ActiveCfg = Debug|Any CPU
		{64180C2F-881A-48A5-BA7F-715881C1CB23}.Debug|Any CPU.Build.0 = Debug|Any CPU
		{64180C2F-881A-48A5-BA7F-715881C1CB23}.Release|Any CPU.ActiveCfg = Release|Any CPU
		{64180C2F-881A-48A5-BA7F-715881C1CB23}.Release|Any CPU.Build.0 = Release|Any CPU
		{BB0D2114-7A14-473F-8FDB-DEE1F5813F99}.Debug|Any CPU.ActiveCfg = Debug|Any CPU
		{BB0D2114-7A14-473F-8FDB-DEE1F5813F99}.Debug|Any CPU.Build.0 = Debug|Any CPU
		{BB0D2114-7A14-473F-8FDB-DEE1F5813F99}.Release|Any CPU.ActiveCfg = Release|Any CPU
		{BB0D2114-7A14-473F-8FDB-DEE1F5813F99}.Release|Any CPU.Build.0 = Release|Any CPU
		{78788134-11DF-4EDE-88B7-073483CBBDA1}.Debug|Any CPU.ActiveCfg = Debug|Any CPU
		{78788134-11DF-4EDE-88B7-073483CBBDA1}.Debug|Any CPU.Build.0 = Debug|Any CPU
		{78788134-11DF-4EDE-88B7-073483CBBDA1}.Release|Any CPU.ActiveCfg = Release|Any CPU
		{78788134-11DF-4EDE-88B7-073483CBBDA1}.Release|Any CPU.Build.0 = Release|Any CPU
		{09264024-35E1-4B1A-85B5-E261D75E102C}.Debug|Any CPU.ActiveCfg = Debug|Any CPU
		{09264024-35E1-4B1A-85B5-E261D75E102C}.Debug|Any CPU.Build.0 = Debug|Any CPU
		{09264024-35E1-4B1A-85B5-E261D75E102C}.Release|Any CPU.ActiveCfg = Release|Any CPU
		{09264024-35E1-4B1A-85B5-E261D75E102C}.Release|Any CPU.Build.0 = Release|Any CPU
		{69431DE2-C056-4265-9849-983D9FA6CB41}.Debug|Any CPU.ActiveCfg = Debug|Any CPU
		{69431DE2-C056-4265-9849-983D9FA6CB41}.Debug|Any CPU.Build.0 = Debug|Any CPU
		{69431DE2-C056-4265-9849-983D9FA6CB41}.Release|Any CPU.ActiveCfg = Release|Any CPU
		{69431DE2-C056-4265-9849-983D9FA6CB41}.Release|Any CPU.Build.0 = Release|Any CPU
	EndGlobalSection
	GlobalSection(SolutionProperties) = preSolution
		HideSolutionNode = FALSE
	EndGlobalSection
	GlobalSection(NestedProjects) = preSolution
		{45373A96-D7A8-44B4-9EB3-FE4DF8B2C607} = {6342F82A-68B3-429B-977E-84399B9EB824}
		{64180C2F-881A-48A5-BA7F-715881C1CB23} = {4BF0706E-C215-44F9-A51F-F4053B243D5A}
		{BB0D2114-7A14-473F-8FDB-DEE1F5813F99} = {868BB397-5B7A-4D32-AD3B-164F8A06F6EE}
		{78788134-11DF-4EDE-88B7-073483CBBDA1} = {4BF0706E-C215-44F9-A51F-F4053B243D5A}
		{09264024-35E1-4B1A-85B5-E261D75E102C} = {A0510990-8523-4093-AD3C-9870E85FE11E}
		{69431DE2-C056-4265-9849-983D9FA6CB41} = {A0510990-8523-4093-AD3C-9870E85FE11E}
	EndGlobalSection
	GlobalSection(ExtensibilityGlobals) = postSolution
		SolutionGuid = {004D4CD7-C0B6-4627-BE3E-1E1623E867CB}
	EndGlobalSection
EndGlobal
